// !$*UTF8*$!
{
	archiveVersion = 1;
	classes = {
	};
	objectVersion = 50;
	objects = {

/* Begin PBXBuildFile section */
		180DC61523C78D9800486B1A /* LaunchScreen.storyboard in Resources */ = {isa = PBXBuildFile; fileRef = 180DC61423C78D9800486B1A /* LaunchScreen.storyboard */; };
		185CB1FC23C78CE6009F7571 /* AppDelegate.swift in Sources */ = {isa = PBXBuildFile; fileRef = 185CB1FB23C78CE6009F7571 /* AppDelegate.swift */; };
		185CB20323C78CE6009F7571 /* Main.storyboard in Resources */ = {isa = PBXBuildFile; fileRef = 185CB20123C78CE6009F7571 /* Main.storyboard */; };
		185CB20523C78CE8009F7571 /* Assets.xcassets in Resources */ = {isa = PBXBuildFile; fileRef = 185CB20423C78CE8009F7571 /* Assets.xcassets */; };
		99701EF923EF6C3D003436A9 /* DestinationViewController.swift in Sources */ = {isa = PBXBuildFile; fileRef = 99701EF823EF6C3D003436A9 /* DestinationViewController.swift */; };
		99701EFB23F0465A003436A9 /* content.json in Resources */ = {isa = PBXBuildFile; fileRef = 99701EFA23F0465A003436A9 /* content.json */; };
		99701EFD23F051F9003436A9 /* DestinationTableViewCell.swift in Sources */ = {isa = PBXBuildFile; fileRef = 99701EFC23F051F9003436A9 /* DestinationTableViewCell.swift */; };
		99701EFF23F05424003436A9 /* Destination.swift in Sources */ = {isa = PBXBuildFile; fileRef = 99701EFE23F05424003436A9 /* Destination.swift */; };
		99701F0123F054BC003436A9 /* APIService.swift in Sources */ = {isa = PBXBuildFile; fileRef = 99701F0023F054BC003436A9 /* APIService.swift */; };
		99701F0323F055F8003436A9 /* DestinationViewModel.swift in Sources */ = {isa = PBXBuildFile; fileRef = 99701F0223F055F8003436A9 /* DestinationViewModel.swift */; };
		99701F0A23F05A8F003436A9 /* DestinationCellViewModel.swift in Sources */ = {isa = PBXBuildFile; fileRef = 99701F0923F05A8F003436A9 /* DestinationCellViewModel.swift */; };
		99701F0C23F0A599003436A9 /* State.swift in Sources */ = {isa = PBXBuildFile; fileRef = 99701F0B23F0A599003436A9 /* State.swift */; };
		99701F0E23F209F9003436A9 /* ShareViewContoller.swift in Sources */ = {isa = PBXBuildFile; fileRef = 99701F0D23F209F8003436A9 /* ShareViewContoller.swift */; };
		99701F1023F2DBC5003436A9 /* UIColor+Dynamic.swift in Sources */ = {isa = PBXBuildFile; fileRef = 99701F0F23F2DBC5003436A9 /* UIColor+Dynamic.swift */; };
		99D503FF23F5E77900E2EC9A /* APIServiceProtocol.swift in Sources */ = {isa = PBXBuildFile; fileRef = 99D503FE23F5E77900E2EC9A /* APIServiceProtocol.swift */; };
/* End PBXBuildFile section */

/* Begin PBXFileReference section */
		180DC61423C78D9800486B1A /* LaunchScreen.storyboard */ = {isa = PBXFileReference; fileEncoding = 4; lastKnownFileType = file.storyboard; path = LaunchScreen.storyboard; sourceTree = "<group>"; };
		185CB1F823C78CE6009F7571 /* FavoriteVacation.app */ = {isa = PBXFileReference; explicitFileType = wrapper.application; includeInIndex = 0; path = FavoriteVacation.app; sourceTree = BUILT_PRODUCTS_DIR; };
		185CB1FB23C78CE6009F7571 /* AppDelegate.swift */ = {isa = PBXFileReference; lastKnownFileType = sourcecode.swift; path = AppDelegate.swift; sourceTree = "<group>"; };
		185CB20223C78CE6009F7571 /* Base */ = {isa = PBXFileReference; lastKnownFileType = file.storyboard; name = Base; path = Base.lproj/Main.storyboard; sourceTree = "<group>"; };
		185CB20423C78CE8009F7571 /* Assets.xcassets */ = {isa = PBXFileReference; lastKnownFileType = folder.assetcatalog; path = Assets.xcassets; sourceTree = "<group>"; };
		185CB20923C78CE8009F7571 /* Info.plist */ = {isa = PBXFileReference; lastKnownFileType = text.plist.xml; path = Info.plist; sourceTree = "<group>"; };
		99701EF823EF6C3D003436A9 /* DestinationViewController.swift */ = {isa = PBXFileReference; lastKnownFileType = sourcecode.swift; path = DestinationViewController.swift; sourceTree = "<group>"; };
		99701EFA23F0465A003436A9 /* content.json */ = {isa = PBXFileReference; lastKnownFileType = text.json; path = content.json; sourceTree = "<group>"; };
		99701EFC23F051F9003436A9 /* DestinationTableViewCell.swift */ = {isa = PBXFileReference; lastKnownFileType = sourcecode.swift; path = DestinationTableViewCell.swift; sourceTree = "<group>"; };
		99701EFE23F05424003436A9 /* Destination.swift */ = {isa = PBXFileReference; lastKnownFileType = sourcecode.swift; path = Destination.swift; sourceTree = "<group>"; };
		99701F0023F054BC003436A9 /* APIService.swift */ = {isa = PBXFileReference; lastKnownFileType = sourcecode.swift; path = APIService.swift; sourceTree = "<group>"; };
		99701F0223F055F8003436A9 /* DestinationViewModel.swift */ = {isa = PBXFileReference; lastKnownFileType = sourcecode.swift; path = DestinationViewModel.swift; sourceTree = "<group>"; };
		99701F0923F05A8F003436A9 /* DestinationCellViewModel.swift */ = {isa = PBXFileReference; lastKnownFileType = sourcecode.swift; path = DestinationCellViewModel.swift; sourceTree = "<group>"; };
		99701F0B23F0A599003436A9 /* State.swift */ = {isa = PBXFileReference; lastKnownFileType = sourcecode.swift; path = State.swift; sourceTree = "<group>"; };
		99701F0D23F209F8003436A9 /* ShareViewContoller.swift */ = {isa = PBXFileReference; lastKnownFileType = sourcecode.swift; path = ShareViewContoller.swift; sourceTree = "<group>"; };
		99701F0F23F2DBC5003436A9 /* UIColor+Dynamic.swift */ = {isa = PBXFileReference; lastKnownFileType = sourcecode.swift; path = "UIColor+Dynamic.swift"; sourceTree = "<group>"; };
		99D503FE23F5E77900E2EC9A /* APIServiceProtocol.swift */ = {isa = PBXFileReference; lastKnownFileType = sourcecode.swift; path = APIServiceProtocol.swift; sourceTree = "<group>"; };
/* End PBXFileReference section */

/* Begin PBXFrameworksBuildPhase section */
		185CB1F523C78CE6009F7571 /* Frameworks */ = {
			isa = PBXFrameworksBuildPhase;
			buildActionMask = 2147483647;
			files = (
			);
			runOnlyForDeploymentPostprocessing = 0;
		};
/* End PBXFrameworksBuildPhase section */

/* Begin PBXGroup section */
		185CB1EF23C78CE6009F7571 = {
			isa = PBXGroup;
			children = (
				185CB1FA23C78CE6009F7571 /* FavoriteVacation */,
				185CB1F923C78CE6009F7571 /* Products */,
			);
			sourceTree = "<group>";
		};
		185CB1F923C78CE6009F7571 /* Products */ = {
			isa = PBXGroup;
			children = (
				185CB1F823C78CE6009F7571 /* FavoriteVacation.app */,
			);
			name = Products;
			sourceTree = "<group>";
		};
		185CB1FA23C78CE6009F7571 /* FavoriteVacation */ = {
			isa = PBXGroup;
			children = (
				99701F0523F059CF003436A9 /* Service */,
				99701F0623F059FC003436A9 /* Model */,
				99701F0823F05A55003436A9 /* View */,
				99701F0423F059B4003436A9 /* ViewModel */,
				99701F0723F05A13003436A9 /* Others */,
				185CB20923C78CE8009F7571 /* Info.plist */,
			);
			path = FavoriteVacation;
			sourceTree = "<group>";
		};
		99701F0423F059B4003436A9 /* ViewModel */ = {
			isa = PBXGroup;
			children = (
				99701F0223F055F8003436A9 /* DestinationViewModel.swift */,
				99701F0923F05A8F003436A9 /* DestinationCellViewModel.swift */,
				99701F0B23F0A599003436A9 /* State.swift */,
			);
			path = ViewModel;
			sourceTree = "<group>";
		};
		99701F0523F059CF003436A9 /* Service */ = {
			isa = PBXGroup;
			children = (
				99701EFA23F0465A003436A9 /* content.json */,
				99701F0023F054BC003436A9 /* APIService.swift */,
				99D503FE23F5E77900E2EC9A /* APIServiceProtocol.swift */,
			);
			path = Service;
			sourceTree = "<group>";
		};
		99701F0623F059FC003436A9 /* Model */ = {
			isa = PBXGroup;
			children = (
				99701EFE23F05424003436A9 /* Destination.swift */,
			);
			path = Model;
			sourceTree = "<group>";
		};
		99701F0723F05A13003436A9 /* Others */ = {
			isa = PBXGroup;
			children = (
				185CB20123C78CE6009F7571 /* Main.storyboard */,
				185CB1FB23C78CE6009F7571 /* AppDelegate.swift */,
				185CB20423C78CE8009F7571 /* Assets.xcassets */,
				180DC61423C78D9800486B1A /* LaunchScreen.storyboard */,
				99701F0F23F2DBC5003436A9 /* UIColor+Dynamic.swift */,
			);
			path = Others;
			sourceTree = "<group>";
		};
		99701F0823F05A55003436A9 /* View */ = {
			isa = PBXGroup;
			children = (
				99701EF823EF6C3D003436A9 /* DestinationViewController.swift */,
				99701EFC23F051F9003436A9 /* DestinationTableViewCell.swift */,
				99701F0D23F209F8003436A9 /* ShareViewContoller.swift */,
			);
			path = View;
			sourceTree = "<group>";
		};
/* End PBXGroup section */

/* Begin PBXNativeTarget section */
		185CB1F723C78CE6009F7571 /* FavoriteVacation */ = {
			isa = PBXNativeTarget;
			buildConfigurationList = 185CB20C23C78CE8009F7571 /* Build configuration list for PBXNativeTarget "FavoriteVacation" */;
			buildPhases = (
				185CB1F423C78CE6009F7571 /* Sources */,
				185CB1F523C78CE6009F7571 /* Frameworks */,
				185CB1F623C78CE6009F7571 /* Resources */,
			);
			buildRules = (
			);
			dependencies = (
			);
			name = FavoriteVacation;
			productName = MyRWTutorial;
			productReference = 185CB1F823C78CE6009F7571 /* FavoriteVacation.app */;
			productType = "com.apple.product-type.application";
		};
/* End PBXNativeTarget section */

/* Begin PBXProject section */
		185CB1F023C78CE6009F7571 /* Project object */ = {
			isa = PBXProject;
			attributes = {
				LastSwiftUpdateCheck = 1130;
				LastUpgradeCheck = 1130;
				ORGANIZATIONNAME = "Ray Wenderlich";
				TargetAttributes = {
					185CB1F723C78CE6009F7571 = {
						CreatedOnToolsVersion = 11.3;
					};
				};
			};
			buildConfigurationList = 185CB1F323C78CE6009F7571 /* Build configuration list for PBXProject "FavoriteVacation" */;
			compatibilityVersion = "Xcode 9.3";
			developmentRegion = en;
			hasScannedForEncodings = 0;
			knownRegions = (
				en,
				Base,
			);
			mainGroup = 185CB1EF23C78CE6009F7571;
			productRefGroup = 185CB1F923C78CE6009F7571 /* Products */;
			projectDirPath = "";
			projectRoot = "";
			targets = (
				185CB1F723C78CE6009F7571 /* FavoriteVacation */,
			);
		};
/* End PBXProject section */

/* Begin PBXResourcesBuildPhase section */
		185CB1F623C78CE6009F7571 /* Resources */ = {
			isa = PBXResourcesBuildPhase;
			buildActionMask = 2147483647;
			files = (
				180DC61523C78D9800486B1A /* LaunchScreen.storyboard in Resources */,
				185CB20523C78CE8009F7571 /* Assets.xcassets in Resources */,
				99701EFB23F0465A003436A9 /* content.json in Resources */,
				185CB20323C78CE6009F7571 /* Main.storyboard in Resources */,
			);
			runOnlyForDeploymentPostprocessing = 0;
		};
/* End PBXResourcesBuildPhase section */

/* Begin PBXSourcesBuildPhase section */
		185CB1F423C78CE6009F7571 /* Sources */ = {
			isa = PBXSourcesBuildPhase;
			buildActionMask = 2147483647;
			files = (
				99701EFD23F051F9003436A9 /* DestinationTableViewCell.swift in Sources */,
				99701F0323F055F8003436A9 /* DestinationViewModel.swift in Sources */,
				99701F0123F054BC003436A9 /* APIService.swift in Sources */,
				99701F1023F2DBC5003436A9 /* UIColor+Dynamic.swift in Sources */,
				99701F0E23F209F9003436A9 /* ShareViewContoller.swift in Sources */,
				99701EF923EF6C3D003436A9 /* DestinationViewController.swift in Sources */,
				185CB1FC23C78CE6009F7571 /* AppDelegate.swift in Sources */,
				99D503FF23F5E77900E2EC9A /* APIServiceProtocol.swift in Sources */,
				99701F0A23F05A8F003436A9 /* DestinationCellViewModel.swift in Sources */,
				99701EFF23F05424003436A9 /* Destination.swift in Sources */,
				99701F0C23F0A599003436A9 /* State.swift in Sources */,
			);
			runOnlyForDeploymentPostprocessing = 0;
		};
/* End PBXSourcesBuildPhase section */

/* Begin PBXVariantGroup section */
		185CB20123C78CE6009F7571 /* Main.storyboard */ = {
			isa = PBXVariantGroup;
			children = (
				185CB20223C78CE6009F7571 /* Base */,
			);
			name = Main.storyboard;
			sourceTree = "<group>";
		};
/* End PBXVariantGroup section */

/* Begin XCBuildConfiguration section */
		185CB20A23C78CE8009F7571 /* Debug */ = {
			isa = XCBuildConfiguration;
			buildSettings = {
				ALWAYS_SEARCH_USER_PATHS = NO;
				CLANG_ANALYZER_NONNULL = YES;
				CLANG_ANALYZER_NUMBER_OBJECT_CONVERSION = YES_AGGRESSIVE;
				CLANG_CXX_LANGUAGE_STANDARD = "gnu++14";
				CLANG_CXX_LIBRARY = "libc++";
				CLANG_ENABLE_MODULES = YES;
				CLANG_ENABLE_OBJC_ARC = YES;
				CLANG_ENABLE_OBJC_WEAK = YES;
				CLANG_WARN_BLOCK_CAPTURE_AUTORELEASING = YES;
				CLANG_WARN_BOOL_CONVERSION = YES;
				CLANG_WARN_COMMA = YES;
				CLANG_WARN_CONSTANT_CONVERSION = YES;
				CLANG_WARN_DEPRECATED_OBJC_IMPLEMENTATIONS = YES;
				CLANG_WARN_DIRECT_OBJC_ISA_USAGE = YES_ERROR;
				CLANG_WARN_DOCUMENTATION_COMMENTS = YES;
				CLANG_WARN_EMPTY_BODY = YES;
				CLANG_WARN_ENUM_CONVERSION = YES;
				CLANG_WARN_INFINITE_RECURSION = YES;
				CLANG_WARN_INT_CONVERSION = YES;
				CLANG_WARN_NON_LITERAL_NULL_CONVERSION = YES;
				CLANG_WARN_OBJC_IMPLICIT_RETAIN_SELF = YES;
				CLANG_WARN_OBJC_LITERAL_CONVERSION = YES;
				CLANG_WARN_OBJC_ROOT_CLASS = YES_ERROR;
				CLANG_WARN_RANGE_LOOP_ANALYSIS = YES;
				CLANG_WARN_STRICT_PROTOTYPES = YES;
				CLANG_WARN_SUSPICIOUS_MOVE = YES;
				CLANG_WARN_UNGUARDED_AVAILABILITY = YES_AGGRESSIVE;
				CLANG_WARN_UNREACHABLE_CODE = YES;
				CLANG_WARN__DUPLICATE_METHOD_MATCH = YES;
				COPY_PHASE_STRIP = NO;
				DEBUG_INFORMATION_FORMAT = dwarf;
				ENABLE_STRICT_OBJC_MSGSEND = YES;
				ENABLE_TESTABILITY = YES;
				GCC_C_LANGUAGE_STANDARD = gnu11;
				GCC_DYNAMIC_NO_PIC = NO;
				GCC_NO_COMMON_BLOCKS = YES;
				GCC_OPTIMIZATION_LEVEL = 0;
				GCC_PREPROCESSOR_DEFINITIONS = (
					"DEBUG=1",
					"$(inherited)",
				);
				GCC_WARN_64_TO_32_BIT_CONVERSION = YES;
				GCC_WARN_ABOUT_RETURN_TYPE = YES_ERROR;
				GCC_WARN_UNDECLARED_SELECTOR = YES;
				GCC_WARN_UNINITIALIZED_AUTOS = YES_AGGRESSIVE;
				GCC_WARN_UNUSED_FUNCTION = YES;
				GCC_WARN_UNUSED_VARIABLE = YES;
				IPHONEOS_DEPLOYMENT_TARGET = 13.2;
				MTL_ENABLE_DEBUG_INFO = INCLUDE_SOURCE;
				MTL_FAST_MATH = YES;
				ONLY_ACTIVE_ARCH = YES;
				SDKROOT = iphoneos;
				SWIFT_ACTIVE_COMPILATION_CONDITIONS = DEBUG;
				SWIFT_OPTIMIZATION_LEVEL = "-Onone";
			};
			name = Debug;
		};
		185CB20B23C78CE8009F7571 /* Release */ = {
			isa = XCBuildConfiguration;
			buildSettings = {
				ALWAYS_SEARCH_USER_PATHS = NO;
				CLANG_ANALYZER_NONNULL = YES;
				CLANG_ANALYZER_NUMBER_OBJECT_CONVERSION = YES_AGGRESSIVE;
				CLANG_CXX_LANGUAGE_STANDARD = "gnu++14";
				CLANG_CXX_LIBRARY = "libc++";
				CLANG_ENABLE_MODULES = YES;
				CLANG_ENABLE_OBJC_ARC = YES;
				CLANG_ENABLE_OBJC_WEAK = YES;
				CLANG_WARN_BLOCK_CAPTURE_AUTORELEASING = YES;
				CLANG_WARN_BOOL_CONVERSION = YES;
				CLANG_WARN_COMMA = YES;
				CLANG_WARN_CONSTANT_CONVERSION = YES;
				CLANG_WARN_DEPRECATED_OBJC_IMPLEMENTATIONS = YES;
				CLANG_WARN_DIRECT_OBJC_ISA_USAGE = YES_ERROR;
				CLANG_WARN_DOCUMENTATION_COMMENTS = YES;
				CLANG_WARN_EMPTY_BODY = YES;
				CLANG_WARN_ENUM_CONVERSION = YES;
				CLANG_WARN_INFINITE_RECURSION = YES;
				CLANG_WARN_INT_CONVERSION = YES;
				CLANG_WARN_NON_LITERAL_NULL_CONVERSION = YES;
				CLANG_WARN_OBJC_IMPLICIT_RETAIN_SELF = YES;
				CLANG_WARN_OBJC_LITERAL_CONVERSION = YES;
				CLANG_WARN_OBJC_ROOT_CLASS = YES_ERROR;
				CLANG_WARN_RANGE_LOOP_ANALYSIS = YES;
				CLANG_WARN_STRICT_PROTOTYPES = YES;
				CLANG_WARN_SUSPICIOUS_MOVE = YES;
				CLANG_WARN_UNGUARDED_AVAILABILITY = YES_AGGRESSIVE;
				CLANG_WARN_UNREACHABLE_CODE = YES;
				CLANG_WARN__DUPLICATE_METHOD_MATCH = YES;
				COPY_PHASE_STRIP = NO;
				DEBUG_INFORMATION_FORMAT = "dwarf-with-dsym";
				ENABLE_NS_ASSERTIONS = NO;
				ENABLE_STRICT_OBJC_MSGSEND = YES;
				GCC_C_LANGUAGE_STANDARD = gnu11;
				GCC_NO_COMMON_BLOCKS = YES;
				GCC_WARN_64_TO_32_BIT_CONVERSION = YES;
				GCC_WARN_ABOUT_RETURN_TYPE = YES_ERROR;
				GCC_WARN_UNDECLARED_SELECTOR = YES;
				GCC_WARN_UNINITIALIZED_AUTOS = YES_AGGRESSIVE;
				GCC_WARN_UNUSED_FUNCTION = YES;
				GCC_WARN_UNUSED_VARIABLE = YES;
				IPHONEOS_DEPLOYMENT_TARGET = 13.2;
				MTL_ENABLE_DEBUG_INFO = NO;
				MTL_FAST_MATH = YES;
				SDKROOT = iphoneos;
				SWIFT_COMPILATION_MODE = wholemodule;
				SWIFT_OPTIMIZATION_LEVEL = "-O";
				VALIDATE_PRODUCT = YES;
			};
			name = Release;
		};
		185CB20D23C78CE8009F7571 /* Debug */ = {
			isa = XCBuildConfiguration;
			buildSettings = {
				ASSETCATALOG_COMPILER_APPICON_NAME = AppIcon;
				CODE_SIGN_STYLE = Automatic;
				INFOPLIST_FILE = FavoriteVacation/Info.plist;
				LD_RUNPATH_SEARCH_PATHS = (
					"$(inherited)",
					"@executable_path/Frameworks",
				);
				PRODUCT_BUNDLE_IDENTIFIER = com.raywenderlich.FavoriteVacation;
				PRODUCT_NAME = "$(TARGET_NAME)";
				SWIFT_VERSION = 5.0;
				TARGETED_DEVICE_FAMILY = "1,2";
			};
			name = Debug;
		};
		185CB20E23C78CE8009F7571 /* Release */ = {
			isa = XCBuildConfiguration;
			buildSettings = {
				ASSETCATALOG_COMPILER_APPICON_NAME = AppIcon;
				CODE_SIGN_STYLE = Automatic;
				INFOPLIST_FILE = FavoriteVacation/Info.plist;
				LD_RUNPATH_SEARCH_PATHS = (
					"$(inherited)",
					"@executable_path/Frameworks",
				);
				PRODUCT_BUNDLE_IDENTIFIER = com.raywenderlich.FavoriteVacation;
				PRODUCT_NAME = "$(TARGET_NAME)";
				SWIFT_VERSION = 5.0;
				TARGETED_DEVICE_FAMILY = "1,2";
			};
			name = Release;
		};
/* End XCBuildConfiguration section */

/* Begin XCConfigurationList section */
		185CB1F323C78CE6009F7571 /* Build configuration list for PBXProject "FavoriteVacation" */ = {
			isa = XCConfigurationList;
			buildConfigurations = (
				185CB20A23C78CE8009F7571 /* Debug */,
				185CB20B23C78CE8009F7571 /* Release */,
			);
			defaultConfigurationIsVisible = 0;
			defaultConfigurationName = Release;
		};
		185CB20C23C78CE8009F7571 /* Build configuration list for PBXNativeTarget "FavoriteVacation" */ = {
			isa = XCConfigurationList;
			buildConfigurations = (
				185CB20D23C78CE8009F7571 /* Debug */,
				185CB20E23C78CE8009F7571 /* Release */,
			);
			defaultConfigurationIsVisible = 0;
			defaultConfigurationName = Release;
		};
/* End XCConfigurationList section */
	};
	rootObject = 185CB1F023C78CE6009F7571 /* Project object */;
}
